
Microsoft Visual Studio Solution File, Format Version 12.00
# Visual Studio Version 16
VisualStudioVersion = 16.0.30225.117
MinimumVisualStudioVersion = 10.0.40219.1
Project("{FAE04EC0-301F-11D3-BF4B-00C04F79EFBC}") = "OneBitOfEngineDemo", "src\OneBitOfEngineDemo\OneBitOfEngineDemo.csproj", "{1F071D6D-BFA6-4CD5-8F9F-F63DD0A418BA}"
EndProject
Project("{FAE04EC0-301F-11D3-BF4B-00C04F79EFBC}") = "OneBitOfEngine", "src\OneBitOfEngine\OneBitOfEngine.csproj", "{877CDCA9-4AB5-412A-9AE1-9BDB36AF045E}"
EndProject
Project("{FAE04EC0-301F-11D3-BF4B-00C04F79EFBC}") = "OneBitOfEngineTools", "src\OneBitOfEngineTools\OneBitOfEngineTools.csproj", "{3EDA15AB-93C0-472C-AA1C-69D41498DD1F}"
EndProject
Global
	GlobalSection(SolutionConfigurationPlatforms) = preSolution
		Debug|Any CPU = Debug|Any CPU
		Release|Any CPU = Release|Any CPU
	EndGlobalSection
	GlobalSection(ProjectConfigurationPlatforms) = postSolution
		{1F071D6D-BFA6-4CD5-8F9F-F63DD0A418BA}.Debug|Any CPU.ActiveCfg = Debug|Any CPU
		{1F071D6D-BFA6-4CD5-8F9F-F63DD0A418BA}.Debug|Any CPU.Build.0 = Debug|Any CPU
		{1F071D6D-BFA6-4CD5-8F9F-F63DD0A418BA}.Release|Any CPU.ActiveCfg = Release|Any CPU
		{1F071D6D-BFA6-4CD5-8F9F-F63DD0A418BA}.Release|Any CPU.Build.0 = Release|Any CPU
		{877CDCA9-4AB5-412A-9AE1-9BDB36AF045E}.Debug|Any CPU.ActiveCfg = Debug|Any CPU
		{877CDCA9-4AB5-412A-9AE1-9BDB36AF045E}.Debug|Any CPU.Build.0 = Debug|Any CPU
		{877CDCA9-4AB5-412A-9AE1-9BDB36AF045E}.Release|Any CPU.ActiveCfg = Release|Any CPU
		{877CDCA9-4AB5-412A-9AE1-9BDB36AF045E}.Release|Any CPU.Build.0 = Release|Any CPU
		{3EDA15AB-93C0-472C-AA1C-69D41498DD1F}.Debug|Any CPU.ActiveCfg = Debug|Any CPU
		{3EDA15AB-93C0-472C-AA1C-69D41498DD1F}.Debug|Any CPU.Build.0 = Debug|Any CPU
		{3EDA15AB-93C0-472C-AA1C-69D41498DD1F}.Release|Any CPU.ActiveCfg = Release|Any CPU
		{3EDA15AB-93C0-472C-AA1C-69D41498DD1F}.Release|Any CPU.Build.0 = Release|Any CPU
	EndGlobalSection
	GlobalSection(SolutionProperties) = preSolution
		HideSolutionNode = FALSE
	EndGlobalSection
	GlobalSection(ExtensibilityGlobals) = postSolution
		SolutionGuid = {B7E61903-B6B5-4B0D-AD4B-10F331E94434}
	EndGlobalSection
EndGlobal
